
Microsoft Visual Studio Solution File, Format Version 12.00
# Visual Studio Version 16
VisualStudioVersion = 16.0.30517.126
MinimumVisualStudioVersion = 10.0.40219.1
Project("{FAE04EC0-301F-11D3-BF4B-00C04F79EFBC}") = "tinyAnnotations", "tinyAnnotations\tinyAnnotations.csproj", "{9F0231AC-44C2-4519-A46A-7468FAD6E0AF}"
EndProject
Project("{FAE04EC0-301F-11D3-BF4B-00C04F79EFBC}") = "tinyAnnotations.Tests", "tinyAnnotations.Tests\tinyAnnotations.Tests.csproj", "{7459B491-EDA1-4068-8D7F-237FE03C9052}"
EndProject
Global
	GlobalSection(SolutionConfigurationPlatforms) = preSolution
		Debug|Any CPU = Debug|Any CPU
		Release|Any CPU = Release|Any CPU
	EndGlobalSection
	GlobalSection(ProjectConfigurationPlatforms) = postSolution
		{9F0231AC-44C2-4519-A46A-7468FAD6E0AF}.Debug|Any CPU.ActiveCfg = Debug|Any CPU
		{9F0231AC-44C2-4519-A46A-7468FAD6E0AF}.Debug|Any CPU.Build.0 = Debug|Any CPU
		{9F0231AC-44C2-4519-A46A-7468FAD6E0AF}.Release|Any CPU.ActiveCfg = Release|Any CPU
		{9F0231AC-44C2-4519-A46A-7468FAD6E0AF}.Release|Any CPU.Build.0 = Release|Any CPU
		{7459B491-EDA1-4068-8D7F-237FE03C9052}.Debug|Any CPU.ActiveCfg = Debug|Any CPU
		{7459B491-EDA1-4068-8D7F-237FE03C9052}.Debug|Any CPU.Build.0 = Debug|Any CPU
		{7459B491-EDA1-4068-8D7F-237FE03C9052}.Release|Any CPU.ActiveCfg = Release|Any CPU
		{7459B491-EDA1-4068-8D7F-237FE03C9052}.Release|Any CPU.Build.0 = Release|Any CPU
	EndGlobalSection
	GlobalSection(SolutionProperties) = preSolution
		HideSolutionNode = FALSE
	EndGlobalSection
	GlobalSection(ExtensibilityGlobals) = postSolution
		SolutionGuid = {AD2D8283-540A-4947-ABA5-F24FD6E4A51A}
	EndGlobalSection
EndGlobal
